
Microsoft Visual Studio Solution File, Format Version 12.00
# Visual Studio Version 16
VisualStudioVersion = 16.0.31424.327
MinimumVisualStudioVersion = 10.0.40219.1
Project("{FAE04EC0-301F-11D3-BF4B-00C04F79EFBC}") = "TP-Engenharia-de-Software", "TP-Engenharia-de-Software\TP-Engenharia-de-Software.csproj", "{30A3B2CA-D6D2-4905-8467-83AA3D13025B}"
EndProject
Global
	GlobalSection(SolutionConfigurationPlatforms) = preSolution
		Debug|Any CPU = Debug|Any CPU
		Release|Any CPU = Release|Any CPU
	EndGlobalSection
	GlobalSection(ProjectConfigurationPlatforms) = postSolution
		{30A3B2CA-D6D2-4905-8467-83AA3D13025B}.Debug|Any CPU.ActiveCfg = Debug|Any CPU
		{30A3B2CA-D6D2-4905-8467-83AA3D13025B}.Debug|Any CPU.Build.0 = Debug|Any CPU
		{30A3B2CA-D6D2-4905-8467-83AA3D13025B}.Release|Any CPU.ActiveCfg = Release|Any CPU
		{30A3B2CA-D6D2-4905-8467-83AA3D13025B}.Release|Any CPU.Build.0 = Release|Any CPU
	EndGlobalSection
	GlobalSection(SolutionProperties) = preSolution
		HideSolutionNode = FALSE
	EndGlobalSection
	GlobalSection(ExtensibilityGlobals) = postSolution
		SolutionGuid = {6CB93088-F670-4B1C-AC6D-6872F6347FBC}
	EndGlobalSection
EndGlobal
